
Microsoft Visual Studio Solution File, Format Version 12.00
# Visual Studio Version 16
VisualStudioVersion = 16.0.31112.23
MinimumVisualStudioVersion = 10.0.40219.1
Project("{2150E333-8FDC-42A3-9474-1A3956D46DE8}") = "Services", "Services", "{B253A6E4-E401-4009-A6EC-AC2E3718FE17}"
EndProject
Project("{2150E333-8FDC-42A3-9474-1A3956D46DE8}") = "WebApps", "WebApps", "{468E23DA-2FF2-4E44-8E75-C4594406B02C}"
EndProject
Project("{2150E333-8FDC-42A3-9474-1A3956D46DE8}") = "Cadastros", "Cadastros", "{069CF2A9-FABC-4336-AB9F-C466DD4FDAE0}"
EndProject
Project("{2150E333-8FDC-42A3-9474-1A3956D46DE8}") = "Catalogo", "Catalogo", "{AB0F968B-6E63-47B4-831C-AE85EC5C2F49}"
EndProject
Project("{2150E333-8FDC-42A3-9474-1A3956D46DE8}") = "Core", "Core", "{F5F0737F-8A9C-4B87-A521-9B3378422115}"
EndProject
Project("{2150E333-8FDC-42A3-9474-1A3956D46DE8}") = "Fiscal", "Fiscal", "{49F6CF3F-F9DE-468F-ABD1-774DB314CF13}"
EndProject
Project("{2150E333-8FDC-42A3-9474-1A3956D46DE8}") = "Pagamentos", "Pagamentos", "{F23197D9-43D8-4530-8154-6FDDC850DC79}"
EndProject
Project("{2150E333-8FDC-42A3-9474-1A3956D46DE8}") = "Vendas", "Vendas", "{854453A1-049A-477C-8AA1-1B71F884ADF8}"
EndProject
Project("{9A19103F-16F7-4668-BE54-9A1E7A4F7556}") = "NerdStore.Catalogo.Domain", "src\NerdStore.Catalogo.Domain\NerdStore.Catalogo.Domain.csproj", "{20FC4974-F119-4C3E-A4A7-2D8BC955DABE}"
EndProject
Project("{9A19103F-16F7-4668-BE54-9A1E7A4F7556}") = "NerdStore.Core", "src\NerdStore.Core\NerdStore.Core.csproj", "{6ED54F0D-C0FC-425E-AB7E-E3AA62AE920F}"
EndProject
Project("{2150E333-8FDC-42A3-9474-1A3956D46DE8}") = "Tests", "Tests", "{5965CA7D-16B5-42FF-9393-2C10F1CD7DA5}"
EndProject
Project("{9A19103F-16F7-4668-BE54-9A1E7A4F7556}") = "NerdStore.Catalogo.Domain.Tests", "tests\NerdStore.Catalogo.Domain.Tests\NerdStore.Catalogo.Domain.Tests.csproj", "{D5DE7BE8-8F27-4570-9DAE-CC3CADBB748A}"
EndProject
Project("{9A19103F-16F7-4668-BE54-9A1E7A4F7556}") = "NerdStore.Catalogo.Data", "src\NerdStore.Catalogo.Data\NerdStore.Catalogo.Data.csproj", "{CA1AC276-F159-412B-A515-491987C3A3B1}"
EndProject
Project("{9A19103F-16F7-4668-BE54-9A1E7A4F7556}") = "NerdStore.Catalogo.Application", "src\NerStore.Catalogo.Application\NerdStore.Catalogo.Application.csproj", "{3FB1D5DF-70C8-4AEF-B594-B3CA8077B31F}"
EndProject
Project("{9A19103F-16F7-4668-BE54-9A1E7A4F7556}") = "NerdStore.Vendas.Domain", "src\NerdStore.Vendas.Domain\NerdStore.Vendas.Domain.csproj", "{F785ACD4-A390-45CB-A2C7-CE0B1B6C8D38}"
EndProject
Project("{9A19103F-16F7-4668-BE54-9A1E7A4F7556}") = "NerdStore.Vendas.Application", "src\NerdStore.Vendas.Application\NerdStore.Vendas.Application.csproj", "{116FF72A-976E-4651-9762-01902DEA3E72}"
EndProject
Project("{9A19103F-16F7-4668-BE54-9A1E7A4F7556}") = "NerdStore.Vendas.Data", "src\NerdStore.Vendas.Data\NerdStore.Vendas.Data.csproj", "{6EC0C59F-65C6-4F32-AFF4-387E745F6E3E}"
EndProject
Project("{9A19103F-16F7-4668-BE54-9A1E7A4F7556}") = "NerdStore.WebApp.MVC", "src\NerdStore.WebApp.MVC\NerdStore.WebApp.MVC.csproj", "{A3625094-461E-455B-A783-CDFC2D47636D}"
EndProject
Project("{9A19103F-16F7-4668-BE54-9A1E7A4F7556}") = "NerdStore.Pagamentos.AntiCorruption", "src\NerdStore.Pagamentos.AntiCorruption\NerdStore.Pagamentos.AntiCorruption.csproj", "{22CF4358-89AB-4FF8-9F61-8C5A0282E326}"
EndProject
Project("{9A19103F-16F7-4668-BE54-9A1E7A4F7556}") = "NerdStore.Pagamentos.Business", "src\NerdStore.Pagamentos.Business\NerdStore.Pagamentos.Business.csproj", "{DA06CCCB-1341-4306-8735-AC074B073B6D}"
EndProject
Project("{9A19103F-16F7-4668-BE54-9A1E7A4F7556}") = "NerdStore.Pagamentos.Data", "src\NerdStore.Pagamentos.Data\NerdStore.Pagamentos.Data.csproj", "{E52ECDC3-E72F-4F41-97CC-7ACC8A0791C0}"
EndProject
Project("{2150E333-8FDC-42A3-9474-1A3956D46DE8}") = "BuildingBlocks", "BuildingBlocks", "{65FD9F14-98C9-4CB0-A022-134B5C028053}"
EndProject
Project("{9A19103F-16F7-4668-BE54-9A1E7A4F7556}") = "EventSourcing", "src\EventSourcing\EventSourcing.csproj", "{D5F6685E-66C9-432C-A68D-D81117A5010F}"
EndProject
Global
	GlobalSection(SolutionConfigurationPlatforms) = preSolution
		Debug|Any CPU = Debug|Any CPU
		Release|Any CPU = Release|Any CPU
	EndGlobalSection
	GlobalSection(ProjectConfigurationPlatforms) = postSolution
		{20FC4974-F119-4C3E-A4A7-2D8BC955DABE}.Debug|Any CPU.ActiveCfg = Debug|Any CPU
		{20FC4974-F119-4C3E-A4A7-2D8BC955DABE}.Debug|Any CPU.Build.0 = Debug|Any CPU
		{20FC4974-F119-4C3E-A4A7-2D8BC955DABE}.Release|Any CPU.ActiveCfg = Release|Any CPU
		{20FC4974-F119-4C3E-A4A7-2D8BC955DABE}.Release|Any CPU.Build.0 = Release|Any CPU
		{6ED54F0D-C0FC-425E-AB7E-E3AA62AE920F}.Debug|Any CPU.ActiveCfg = Debug|Any CPU
		{6ED54F0D-C0FC-425E-AB7E-E3AA62AE920F}.Debug|Any CPU.Build.0 = Debug|Any CPU
		{6ED54F0D-C0FC-425E-AB7E-E3AA62AE920F}.Release|Any CPU.ActiveCfg = Release|Any CPU
		{6ED54F0D-C0FC-425E-AB7E-E3AA62AE920F}.Release|Any CPU.Build.0 = Release|Any CPU
		{D5DE7BE8-8F27-4570-9DAE-CC3CADBB748A}.Debug|Any CPU.ActiveCfg = Debug|Any CPU
		{D5DE7BE8-8F27-4570-9DAE-CC3CADBB748A}.Debug|Any CPU.Build.0 = Debug|Any CPU
		{D5DE7BE8-8F27-4570-9DAE-CC3CADBB748A}.Release|Any CPU.ActiveCfg = Release|Any CPU
		{D5DE7BE8-8F27-4570-9DAE-CC3CADBB748A}.Release|Any CPU.Build.0 = Release|Any CPU
		{CA1AC276-F159-412B-A515-491987C3A3B1}.Debug|Any CPU.ActiveCfg = Debug|Any CPU
		{CA1AC276-F159-412B-A515-491987C3A3B1}.Debug|Any CPU.Build.0 = Debug|Any CPU
		{CA1AC276-F159-412B-A515-491987C3A3B1}.Release|Any CPU.ActiveCfg = Release|Any CPU
		{CA1AC276-F159-412B-A515-491987C3A3B1}.Release|Any CPU.Build.0 = Release|Any CPU
		{3FB1D5DF-70C8-4AEF-B594-B3CA8077B31F}.Debug|Any CPU.ActiveCfg = Debug|Any CPU
		{3FB1D5DF-70C8-4AEF-B594-B3CA8077B31F}.Debug|Any CPU.Build.0 = Debug|Any CPU
		{3FB1D5DF-70C8-4AEF-B594-B3CA8077B31F}.Release|Any CPU.ActiveCfg = Release|Any CPU
		{3FB1D5DF-70C8-4AEF-B594-B3CA8077B31F}.Release|Any CPU.Build.0 = Release|Any CPU
		{F785ACD4-A390-45CB-A2C7-CE0B1B6C8D38}.Debug|Any CPU.ActiveCfg = Debug|Any CPU
		{F785ACD4-A390-45CB-A2C7-CE0B1B6C8D38}.Debug|Any CPU.Build.0 = Debug|Any CPU
		{F785ACD4-A390-45CB-A2C7-CE0B1B6C8D38}.Release|Any CPU.ActiveCfg = Release|Any CPU
		{F785ACD4-A390-45CB-A2C7-CE0B1B6C8D38}.Release|Any CPU.Build.0 = Release|Any CPU
		{116FF72A-976E-4651-9762-01902DEA3E72}.Debug|Any CPU.ActiveCfg = Debug|Any CPU
		{116FF72A-976E-4651-9762-01902DEA3E72}.Debug|Any CPU.Build.0 = Debug|Any CPU
		{116FF72A-976E-4651-9762-01902DEA3E72}.Release|Any CPU.ActiveCfg = Release|Any CPU
		{116FF72A-976E-4651-9762-01902DEA3E72}.Release|Any CPU.Build.0 = Release|Any CPU
		{6EC0C59F-65C6-4F32-AFF4-387E745F6E3E}.Debug|Any CPU.ActiveCfg = Debug|Any CPU
		{6EC0C59F-65C6-4F32-AFF4-387E745F6E3E}.Debug|Any CPU.Build.0 = Debug|Any CPU
		{6EC0C59F-65C6-4F32-AFF4-387E745F6E3E}.Release|Any CPU.ActiveCfg = Release|Any CPU
		{6EC0C59F-65C6-4F32-AFF4-387E745F6E3E}.Release|Any CPU.Build.0 = Release|Any CPU
		{A3625094-461E-455B-A783-CDFC2D47636D}.Debug|Any CPU.ActiveCfg = Debug|Any CPU
		{A3625094-461E-455B-A783-CDFC2D47636D}.Debug|Any CPU.Build.0 = Debug|Any CPU
		{A3625094-461E-455B-A783-CDFC2D47636D}.Release|Any CPU.ActiveCfg = Release|Any CPU
		{A3625094-461E-455B-A783-CDFC2D47636D}.Release|Any CPU.Build.0 = Release|Any CPU
		{22CF4358-89AB-4FF8-9F61-8C5A0282E326}.Debug|Any CPU.ActiveCfg = Debug|Any CPU
		{22CF4358-89AB-4FF8-9F61-8C5A0282E326}.Debug|Any CPU.Build.0 = Debug|Any CPU
		{22CF4358-89AB-4FF8-9F61-8C5A0282E326}.Release|Any CPU.ActiveCfg = Release|Any CPU
		{22CF4358-89AB-4FF8-9F61-8C5A0282E326}.Release|Any CPU.Build.0 = Release|Any CPU
		{DA06CCCB-1341-4306-8735-AC074B073B6D}.Debug|Any CPU.ActiveCfg = Debug|Any CPU
		{DA06CCCB-1341-4306-8735-AC074B073B6D}.Debug|Any CPU.Build.0 = Debug|Any CPU
		{DA06CCCB-1341-4306-8735-AC074B073B6D}.Release|Any CPU.ActiveCfg = Release|Any CPU
		{DA06CCCB-1341-4306-8735-AC074B073B6D}.Release|Any CPU.Build.0 = Release|Any CPU
		{E52ECDC3-E72F-4F41-97CC-7ACC8A0791C0}.Debug|Any CPU.ActiveCfg = Debug|Any CPU
		{E52ECDC3-E72F-4F41-97CC-7ACC8A0791C0}.Debug|Any CPU.Build.0 = Debug|Any CPU
		{E52ECDC3-E72F-4F41-97CC-7ACC8A0791C0}.Release|Any CPU.ActiveCfg = Release|Any CPU
		{E52ECDC3-E72F-4F41-97CC-7ACC8A0791C0}.Release|Any CPU.Build.0 = Release|Any CPU
		{D5F6685E-66C9-432C-A68D-D81117A5010F}.Debug|Any CPU.ActiveCfg = Debug|Any CPU
		{D5F6685E-66C9-432C-A68D-D81117A5010F}.Debug|Any CPU.Build.0 = Debug|Any CPU
		{D5F6685E-66C9-432C-A68D-D81117A5010F}.Release|Any CPU.ActiveCfg = Release|Any CPU
		{D5F6685E-66C9-432C-A68D-D81117A5010F}.Release|Any CPU.Build.0 = Release|Any CPU
	EndGlobalSection
	GlobalSection(SolutionProperties) = preSolution
		HideSolutionNode = FALSE
	EndGlobalSection
	GlobalSection(NestedProjects) = preSolution
		{069CF2A9-FABC-4336-AB9F-C466DD4FDAE0} = {B253A6E4-E401-4009-A6EC-AC2E3718FE17}
		{AB0F968B-6E63-47B4-831C-AE85EC5C2F49} = {B253A6E4-E401-4009-A6EC-AC2E3718FE17}
		{F5F0737F-8A9C-4B87-A521-9B3378422115} = {B253A6E4-E401-4009-A6EC-AC2E3718FE17}
		{49F6CF3F-F9DE-468F-ABD1-774DB314CF13} = {B253A6E4-E401-4009-A6EC-AC2E3718FE17}
		{F23197D9-43D8-4530-8154-6FDDC850DC79} = {B253A6E4-E401-4009-A6EC-AC2E3718FE17}
		{854453A1-049A-477C-8AA1-1B71F884ADF8} = {B253A6E4-E401-4009-A6EC-AC2E3718FE17}
		{20FC4974-F119-4C3E-A4A7-2D8BC955DABE} = {AB0F968B-6E63-47B4-831C-AE85EC5C2F49}
		{6ED54F0D-C0FC-425E-AB7E-E3AA62AE920F} = {F5F0737F-8A9C-4B87-A521-9B3378422115}
		{5965CA7D-16B5-42FF-9393-2C10F1CD7DA5} = {AB0F968B-6E63-47B4-831C-AE85EC5C2F49}
		{D5DE7BE8-8F27-4570-9DAE-CC3CADBB748A} = {5965CA7D-16B5-42FF-9393-2C10F1CD7DA5}
		{CA1AC276-F159-412B-A515-491987C3A3B1} = {AB0F968B-6E63-47B4-831C-AE85EC5C2F49}
		{3FB1D5DF-70C8-4AEF-B594-B3CA8077B31F} = {AB0F968B-6E63-47B4-831C-AE85EC5C2F49}
		{F785ACD4-A390-45CB-A2C7-CE0B1B6C8D38} = {854453A1-049A-477C-8AA1-1B71F884ADF8}
		{116FF72A-976E-4651-9762-01902DEA3E72} = {854453A1-049A-477C-8AA1-1B71F884ADF8}
		{6EC0C59F-65C6-4F32-AFF4-387E745F6E3E} = {854453A1-049A-477C-8AA1-1B71F884ADF8}
		{A3625094-461E-455B-A783-CDFC2D47636D} = {468E23DA-2FF2-4E44-8E75-C4594406B02C}
		{22CF4358-89AB-4FF8-9F61-8C5A0282E326} = {F23197D9-43D8-4530-8154-6FDDC850DC79}
		{DA06CCCB-1341-4306-8735-AC074B073B6D} = {F23197D9-43D8-4530-8154-6FDDC850DC79}
		{E52ECDC3-E72F-4F41-97CC-7ACC8A0791C0} = {F23197D9-43D8-4530-8154-6FDDC850DC79}
		{D5F6685E-66C9-432C-A68D-D81117A5010F} = {65FD9F14-98C9-4CB0-A022-134B5C028053}
	EndGlobalSection
	GlobalSection(ExtensibilityGlobals) = postSolution
		SolutionGuid = {610E3812-CF00-48AF-A9F6-C2807D43AE98}
	EndGlobalSection
EndGlobal
